{
  "name": "homepage",
  "lockfileVersion": 3,
  "requires": true,
  "packages": {
    "": {
      "dependencies": {
        "@studio-freight/lenis": "^1.0.29",
        "gsap": "^3.12.3"
      }
    },
    "node_modules/@studio-freight/lenis": {
      "version": "1.0.29",
      "resolved": "https://registry.npmjs.org/@studio-freight/lenis/-/lenis-1.0.29.tgz",
      "integrity": "sha512-z/qS8ato5m2wlxQREYj5iALcxMrhhm06vEiLqYzLI+3HmpPzPscmJ8cXNiay4bj692vOot2hyTA3WP++AQVoKA=="
    },
    "node_modules/gsap": {
      "version": "3.12.3",
      "resolved": "https://registry.npmjs.org/gsap/-/gsap-3.12.3.tgz",
      "integrity": "sha512-TySXTE+ABiAVa61W+h5wv2p5GkJT1Uj//4nWpK8EjmhcDqwH++35IvtbQlVVFj+rdcJdFCdCt0SKgb+SwdPq/A=="
    }
  }
}
